
Microsoft Visual Studio Solution File, Format Version 12.00
# Visual Studio Version 16
VisualStudioVersion = 16.0.29215.179
MinimumVisualStudioVersion = 10.0.40219.1
Project("{FAE04EC0-301F-11D3-BF4B-00C04F79EFBC}") = "Lab5_2_Thomas_Morris", "Lab5_2_Thomas_Morris\Lab5_2_Thomas_Morris.csproj", "{82E7CFC4-F14C-4431-81D0-366C5DCA51CA}"
EndProject
Global
	GlobalSection(SolutionConfigurationPlatforms) = preSolution
		Debug|Any CPU = Debug|Any CPU
		Release|Any CPU = Release|Any CPU
	EndGlobalSection
	GlobalSection(ProjectConfigurationPlatforms) = postSolution
		{82E7CFC4-F14C-4431-81D0-366C5DCA51CA}.Debug|Any CPU.ActiveCfg = Debug|Any CPU
		{82E7CFC4-F14C-4431-81D0-366C5DCA51CA}.Debug|Any CPU.Build.0 = Debug|Any CPU
		{82E7CFC4-F14C-4431-81D0-366C5DCA51CA}.Release|Any CPU.ActiveCfg = Release|Any CPU
		{82E7CFC4-F14C-4431-81D0-366C5DCA51CA}.Release|Any CPU.Build.0 = Release|Any CPU
	EndGlobalSection
	GlobalSection(SolutionProperties) = preSolution
		HideSolutionNode = FALSE
	EndGlobalSection
	GlobalSection(ExtensibilityGlobals) = postSolution
		SolutionGuid = {C83A182E-2BBE-48B7-B2DD-09F747EF6BA5}
	EndGlobalSection
EndGlobal
